
Microsoft Visual Studio Solution File, Format Version 12.00
# Visual Studio Version 17
VisualStudioVersion = 17.8.34511.84
MinimumVisualStudioVersion = 10.0.40219.1
Project("{FAE04EC0-301F-11D3-BF4B-00C04F79EFBC}") = "CadastroAPI", "CadastroAPI\CadastroAPI.csproj", "{F9CD28CF-D0AB-4C8C-8405-BF19E7E4DDCB}"
EndProject
Global
	GlobalSection(SolutionConfigurationPlatforms) = preSolution
		Debug|Any CPU = Debug|Any CPU
		Release|Any CPU = Release|Any CPU
	EndGlobalSection
	GlobalSection(ProjectConfigurationPlatforms) = postSolution
		{F9CD28CF-D0AB-4C8C-8405-BF19E7E4DDCB}.Debug|Any CPU.ActiveCfg = Debug|Any CPU
		{F9CD28CF-D0AB-4C8C-8405-BF19E7E4DDCB}.Debug|Any CPU.Build.0 = Debug|Any CPU
		{F9CD28CF-D0AB-4C8C-8405-BF19E7E4DDCB}.Release|Any CPU.ActiveCfg = Release|Any CPU
		{F9CD28CF-D0AB-4C8C-8405-BF19E7E4DDCB}.Release|Any CPU.Build.0 = Release|Any CPU
	EndGlobalSection
	GlobalSection(SolutionProperties) = preSolution
		HideSolutionNode = FALSE
	EndGlobalSection
	GlobalSection(ExtensibilityGlobals) = postSolution
		SolutionGuid = {B46C9C74-25C8-4147-BF57-FF8439324F1B}
	EndGlobalSection
EndGlobal
